
Microsoft Visual Studio Solution File, Format Version 12.00
# Visual Studio 14
VisualStudioVersion = 14.0.25420.1
MinimumVisualStudioVersion = 10.0.40219.1
Project("{FAE04EC0-301F-11D3-BF4B-00C04F79EFBC}") = "T4", "T4\T4.csproj", "{641CEEB1-15F8-4FD6-9CF5-94DEEEE646CF}"
EndProject
Project("{FAE04EC0-301F-11D3-BF4B-00C04F79EFBC}") = "T5", "T5\T5.csproj", "{C74DE27E-BE38-407F-A515-0ECD844EA49A}"
EndProject
Project("{FAE04EC0-301F-11D3-BF4B-00C04F79EFBC}") = "T6", "T6\T6.csproj", "{F0250F0E-8DAC-4CC1-B06B-EBFA2AABDDA4}"
EndProject
Global
	GlobalSection(SolutionConfigurationPlatforms) = preSolution
		Debug|Any CPU = Debug|Any CPU
		Release|Any CPU = Release|Any CPU
	EndGlobalSection
	GlobalSection(ProjectConfigurationPlatforms) = postSolution
		{641CEEB1-15F8-4FD6-9CF5-94DEEEE646CF}.Debug|Any CPU.ActiveCfg = Debug|Any CPU
		{641CEEB1-15F8-4FD6-9CF5-94DEEEE646CF}.Debug|Any CPU.Build.0 = Debug|Any CPU
		{641CEEB1-15F8-4FD6-9CF5-94DEEEE646CF}.Release|Any CPU.ActiveCfg = Release|Any CPU
		{641CEEB1-15F8-4FD6-9CF5-94DEEEE646CF}.Release|Any CPU.Build.0 = Release|Any CPU
		{C74DE27E-BE38-407F-A515-0ECD844EA49A}.Debug|Any CPU.ActiveCfg = Debug|Any CPU
		{C74DE27E-BE38-407F-A515-0ECD844EA49A}.Debug|Any CPU.Build.0 = Debug|Any CPU
		{C74DE27E-BE38-407F-A515-0ECD844EA49A}.Release|Any CPU.ActiveCfg = Release|Any CPU
		{C74DE27E-BE38-407F-A515-0ECD844EA49A}.Release|Any CPU.Build.0 = Release|Any CPU
		{F0250F0E-8DAC-4CC1-B06B-EBFA2AABDDA4}.Debug|Any CPU.ActiveCfg = Debug|Any CPU
		{F0250F0E-8DAC-4CC1-B06B-EBFA2AABDDA4}.Debug|Any CPU.Build.0 = Debug|Any CPU
		{F0250F0E-8DAC-4CC1-B06B-EBFA2AABDDA4}.Release|Any CPU.ActiveCfg = Release|Any CPU
		{F0250F0E-8DAC-4CC1-B06B-EBFA2AABDDA4}.Release|Any CPU.Build.0 = Release|Any CPU
	EndGlobalSection
	GlobalSection(SolutionProperties) = preSolution
		HideSolutionNode = FALSE
	EndGlobalSection
EndGlobal
