
Microsoft Visual Studio Solution File, Format Version 12.00
# Visual Studio 14
VisualStudioVersion = 14.0.25420.1
MinimumVisualStudioVersion = 10.0.40219.1
Project("{FAE04EC0-301F-11D3-BF4B-00C04F79EFBC}") = "T1", "T1\T1.csproj", "{52624B04-E62E-4D57-A2CB-BF7A50178A41}"
EndProject
Project("{FAE04EC0-301F-11D3-BF4B-00C04F79EFBC}") = "T2", "T2\T2.csproj", "{968A3027-11F7-4631-A46A-7DDA2715A5BE}"
EndProject
Project("{FAE04EC0-301F-11D3-BF4B-00C04F79EFBC}") = "T3", "T3\T3.csproj", "{62B2E61D-F919-4B8B-9AEB-863DD91563D9}"
EndProject
Project("{FAE04EC0-301F-11D3-BF4B-00C04F79EFBC}") = "T4", "T4\T4.csproj", "{FE1B7E05-2914-4548-8884-0BB6D1B3E99A}"
EndProject
Project("{FAE04EC0-301F-11D3-BF4B-00C04F79EFBC}") = "T5", "T5\T5.csproj", "{44E49FC2-F689-4FDB-B8F6-65ACA1760C52}"
EndProject
Project("{FAE04EC0-301F-11D3-BF4B-00C04F79EFBC}") = "T6", "T6\T6.csproj", "{17460C96-75AE-4473-9625-98D2F9EEB8E1}"
EndProject
Project("{FAE04EC0-301F-11D3-BF4B-00C04F79EFBC}") = "T7", "T7\T7.csproj", "{0D2B7589-2744-4E36-BC9E-34A3DB6EA9E2}"
EndProject
Project("{FAE04EC0-301F-11D3-BF4B-00C04F79EFBC}") = "T8", "T8\T8.csproj", "{984C8E03-3F6A-4EB4-8242-24B15C80DB53}"
EndProject
Project("{FAE04EC0-301F-11D3-BF4B-00C04F79EFBC}") = "T9", "T9\T9.csproj", "{0375173E-C854-4ED4-99B9-2CEBD9BA84A4}"
EndProject
Global
	GlobalSection(SolutionConfigurationPlatforms) = preSolution
		Debug|Any CPU = Debug|Any CPU
		Release|Any CPU = Release|Any CPU
	EndGlobalSection
	GlobalSection(ProjectConfigurationPlatforms) = postSolution
		{52624B04-E62E-4D57-A2CB-BF7A50178A41}.Debug|Any CPU.ActiveCfg = Debug|Any CPU
		{52624B04-E62E-4D57-A2CB-BF7A50178A41}.Debug|Any CPU.Build.0 = Debug|Any CPU
		{52624B04-E62E-4D57-A2CB-BF7A50178A41}.Release|Any CPU.ActiveCfg = Release|Any CPU
		{52624B04-E62E-4D57-A2CB-BF7A50178A41}.Release|Any CPU.Build.0 = Release|Any CPU
		{968A3027-11F7-4631-A46A-7DDA2715A5BE}.Debug|Any CPU.ActiveCfg = Debug|Any CPU
		{968A3027-11F7-4631-A46A-7DDA2715A5BE}.Debug|Any CPU.Build.0 = Debug|Any CPU
		{968A3027-11F7-4631-A46A-7DDA2715A5BE}.Release|Any CPU.ActiveCfg = Release|Any CPU
		{968A3027-11F7-4631-A46A-7DDA2715A5BE}.Release|Any CPU.Build.0 = Release|Any CPU
		{62B2E61D-F919-4B8B-9AEB-863DD91563D9}.Debug|Any CPU.ActiveCfg = Debug|Any CPU
		{62B2E61D-F919-4B8B-9AEB-863DD91563D9}.Debug|Any CPU.Build.0 = Debug|Any CPU
		{62B2E61D-F919-4B8B-9AEB-863DD91563D9}.Release|Any CPU.ActiveCfg = Release|Any CPU
		{62B2E61D-F919-4B8B-9AEB-863DD91563D9}.Release|Any CPU.Build.0 = Release|Any CPU
		{FE1B7E05-2914-4548-8884-0BB6D1B3E99A}.Debug|Any CPU.ActiveCfg = Debug|Any CPU
		{FE1B7E05-2914-4548-8884-0BB6D1B3E99A}.Debug|Any CPU.Build.0 = Debug|Any CPU
		{FE1B7E05-2914-4548-8884-0BB6D1B3E99A}.Release|Any CPU.ActiveCfg = Release|Any CPU
		{FE1B7E05-2914-4548-8884-0BB6D1B3E99A}.Release|Any CPU.Build.0 = Release|Any CPU
		{44E49FC2-F689-4FDB-B8F6-65ACA1760C52}.Debug|Any CPU.ActiveCfg = Debug|Any CPU
		{44E49FC2-F689-4FDB-B8F6-65ACA1760C52}.Debug|Any CPU.Build.0 = Debug|Any CPU
		{44E49FC2-F689-4FDB-B8F6-65ACA1760C52}.Release|Any CPU.ActiveCfg = Release|Any CPU
		{44E49FC2-F689-4FDB-B8F6-65ACA1760C52}.Release|Any CPU.Build.0 = Release|Any CPU
		{17460C96-75AE-4473-9625-98D2F9EEB8E1}.Debug|Any CPU.ActiveCfg = Debug|Any CPU
		{17460C96-75AE-4473-9625-98D2F9EEB8E1}.Debug|Any CPU.Build.0 = Debug|Any CPU
		{17460C96-75AE-4473-9625-98D2F9EEB8E1}.Release|Any CPU.ActiveCfg = Release|Any CPU
		{17460C96-75AE-4473-9625-98D2F9EEB8E1}.Release|Any CPU.Build.0 = Release|Any CPU
		{0D2B7589-2744-4E36-BC9E-34A3DB6EA9E2}.Debug|Any CPU.ActiveCfg = Debug|Any CPU
		{0D2B7589-2744-4E36-BC9E-34A3DB6EA9E2}.Debug|Any CPU.Build.0 = Debug|Any CPU
		{0D2B7589-2744-4E36-BC9E-34A3DB6EA9E2}.Release|Any CPU.ActiveCfg = Release|Any CPU
		{0D2B7589-2744-4E36-BC9E-34A3DB6EA9E2}.Release|Any CPU.Build.0 = Release|Any CPU
		{984C8E03-3F6A-4EB4-8242-24B15C80DB53}.Debug|Any CPU.ActiveCfg = Debug|Any CPU
		{984C8E03-3F6A-4EB4-8242-24B15C80DB53}.Debug|Any CPU.Build.0 = Debug|Any CPU
		{984C8E03-3F6A-4EB4-8242-24B15C80DB53}.Release|Any CPU.ActiveCfg = Release|Any CPU
		{984C8E03-3F6A-4EB4-8242-24B15C80DB53}.Release|Any CPU.Build.0 = Release|Any CPU
		{0375173E-C854-4ED4-99B9-2CEBD9BA84A4}.Debug|Any CPU.ActiveCfg = Debug|Any CPU
		{0375173E-C854-4ED4-99B9-2CEBD9BA84A4}.Debug|Any CPU.Build.0 = Debug|Any CPU
		{0375173E-C854-4ED4-99B9-2CEBD9BA84A4}.Release|Any CPU.ActiveCfg = Release|Any CPU
		{0375173E-C854-4ED4-99B9-2CEBD9BA84A4}.Release|Any CPU.Build.0 = Release|Any CPU
	EndGlobalSection
	GlobalSection(SolutionProperties) = preSolution
		HideSolutionNode = FALSE
	EndGlobalSection
EndGlobal
