
Microsoft Visual Studio Solution File, Format Version 12.00
# Visual Studio 14
VisualStudioVersion = 14.0.25420.1
MinimumVisualStudioVersion = 10.0.40219.1
Project("{FAE04EC0-301F-11D3-BF4B-00C04F79EFBC}") = "T1", "T1\T1.csproj", "{09E5A2B8-4D11-41AA-8D10-C18E61AA5273}"
EndProject
Project("{FAE04EC0-301F-11D3-BF4B-00C04F79EFBC}") = "T2", "T2\T2.csproj", "{949A413E-B947-4437-A1E4-398779F2E588}"
EndProject
Project("{FAE04EC0-301F-11D3-BF4B-00C04F79EFBC}") = "T3", "T3\T3.csproj", "{4739CCF2-B8B8-4BF1-9DFE-4100F6A6EA8F}"
EndProject
Global
	GlobalSection(SolutionConfigurationPlatforms) = preSolution
		Debug|Any CPU = Debug|Any CPU
		Release|Any CPU = Release|Any CPU
	EndGlobalSection
	GlobalSection(ProjectConfigurationPlatforms) = postSolution
		{09E5A2B8-4D11-41AA-8D10-C18E61AA5273}.Debug|Any CPU.ActiveCfg = Debug|Any CPU
		{09E5A2B8-4D11-41AA-8D10-C18E61AA5273}.Debug|Any CPU.Build.0 = Debug|Any CPU
		{09E5A2B8-4D11-41AA-8D10-C18E61AA5273}.Release|Any CPU.ActiveCfg = Release|Any CPU
		{09E5A2B8-4D11-41AA-8D10-C18E61AA5273}.Release|Any CPU.Build.0 = Release|Any CPU
		{949A413E-B947-4437-A1E4-398779F2E588}.Debug|Any CPU.ActiveCfg = Debug|Any CPU
		{949A413E-B947-4437-A1E4-398779F2E588}.Debug|Any CPU.Build.0 = Debug|Any CPU
		{949A413E-B947-4437-A1E4-398779F2E588}.Release|Any CPU.ActiveCfg = Release|Any CPU
		{949A413E-B947-4437-A1E4-398779F2E588}.Release|Any CPU.Build.0 = Release|Any CPU
		{4739CCF2-B8B8-4BF1-9DFE-4100F6A6EA8F}.Debug|Any CPU.ActiveCfg = Debug|Any CPU
		{4739CCF2-B8B8-4BF1-9DFE-4100F6A6EA8F}.Debug|Any CPU.Build.0 = Debug|Any CPU
		{4739CCF2-B8B8-4BF1-9DFE-4100F6A6EA8F}.Release|Any CPU.ActiveCfg = Release|Any CPU
		{4739CCF2-B8B8-4BF1-9DFE-4100F6A6EA8F}.Release|Any CPU.Build.0 = Release|Any CPU
	EndGlobalSection
	GlobalSection(SolutionProperties) = preSolution
		HideSolutionNode = FALSE
	EndGlobalSection
EndGlobal
