
Microsoft Visual Studio Solution File, Format Version 12.00
# Visual Studio 14
VisualStudioVersion = 14.0.25420.1
MinimumVisualStudioVersion = 10.0.40219.1
Project("{FAE04EC0-301F-11D3-BF4B-00C04F79EFBC}") = "T1", "T1\T1.csproj", "{DD2149F0-4A77-4068-BC36-4D43A116C4A5}"
EndProject
Project("{FAE04EC0-301F-11D3-BF4B-00C04F79EFBC}") = "T3", "T3\T3.csproj", "{48B6A161-F47D-4A36-B753-F2309A4C986F}"
EndProject
Project("{FAE04EC0-301F-11D3-BF4B-00C04F79EFBC}") = "T2", "T2\T2.csproj", "{9F5B4620-EDDE-4236-AACD-7921D3C22D60}"
EndProject
Global
	GlobalSection(SolutionConfigurationPlatforms) = preSolution
		Debug|Any CPU = Debug|Any CPU
		Release|Any CPU = Release|Any CPU
	EndGlobalSection
	GlobalSection(ProjectConfigurationPlatforms) = postSolution
		{DD2149F0-4A77-4068-BC36-4D43A116C4A5}.Debug|Any CPU.ActiveCfg = Debug|Any CPU
		{DD2149F0-4A77-4068-BC36-4D43A116C4A5}.Debug|Any CPU.Build.0 = Debug|Any CPU
		{DD2149F0-4A77-4068-BC36-4D43A116C4A5}.Release|Any CPU.ActiveCfg = Release|Any CPU
		{DD2149F0-4A77-4068-BC36-4D43A116C4A5}.Release|Any CPU.Build.0 = Release|Any CPU
		{48B6A161-F47D-4A36-B753-F2309A4C986F}.Debug|Any CPU.ActiveCfg = Debug|Any CPU
		{48B6A161-F47D-4A36-B753-F2309A4C986F}.Debug|Any CPU.Build.0 = Debug|Any CPU
		{48B6A161-F47D-4A36-B753-F2309A4C986F}.Release|Any CPU.ActiveCfg = Release|Any CPU
		{48B6A161-F47D-4A36-B753-F2309A4C986F}.Release|Any CPU.Build.0 = Release|Any CPU
		{9F5B4620-EDDE-4236-AACD-7921D3C22D60}.Debug|Any CPU.ActiveCfg = Debug|Any CPU
		{9F5B4620-EDDE-4236-AACD-7921D3C22D60}.Debug|Any CPU.Build.0 = Debug|Any CPU
		{9F5B4620-EDDE-4236-AACD-7921D3C22D60}.Release|Any CPU.ActiveCfg = Release|Any CPU
		{9F5B4620-EDDE-4236-AACD-7921D3C22D60}.Release|Any CPU.Build.0 = Release|Any CPU
	EndGlobalSection
	GlobalSection(SolutionProperties) = preSolution
		HideSolutionNode = FALSE
	EndGlobalSection
EndGlobal
