
Microsoft Visual Studio Solution File, Format Version 12.00
# Visual Studio 14
VisualStudioVersion = 14.0.25420.1
MinimumVisualStudioVersion = 10.0.40219.1
Project("{FAE04EC0-301F-11D3-BF4B-00C04F79EFBC}") = "T1", "T1\T1.csproj", "{A7AF0FDB-A715-4DC4-93F0-84D537D9D5BB}"
EndProject
Project("{FAE04EC0-301F-11D3-BF4B-00C04F79EFBC}") = "T2", "T2\T2.csproj", "{5EFD5551-4D40-4520-B983-88A37D06B3E9}"
EndProject
Global
	GlobalSection(SolutionConfigurationPlatforms) = preSolution
		Debug|Any CPU = Debug|Any CPU
		Release|Any CPU = Release|Any CPU
	EndGlobalSection
	GlobalSection(ProjectConfigurationPlatforms) = postSolution
		{A7AF0FDB-A715-4DC4-93F0-84D537D9D5BB}.Debug|Any CPU.ActiveCfg = Debug|Any CPU
		{A7AF0FDB-A715-4DC4-93F0-84D537D9D5BB}.Debug|Any CPU.Build.0 = Debug|Any CPU
		{A7AF0FDB-A715-4DC4-93F0-84D537D9D5BB}.Release|Any CPU.ActiveCfg = Release|Any CPU
		{A7AF0FDB-A715-4DC4-93F0-84D537D9D5BB}.Release|Any CPU.Build.0 = Release|Any CPU
		{5EFD5551-4D40-4520-B983-88A37D06B3E9}.Debug|Any CPU.ActiveCfg = Debug|Any CPU
		{5EFD5551-4D40-4520-B983-88A37D06B3E9}.Debug|Any CPU.Build.0 = Debug|Any CPU
		{5EFD5551-4D40-4520-B983-88A37D06B3E9}.Release|Any CPU.ActiveCfg = Release|Any CPU
		{5EFD5551-4D40-4520-B983-88A37D06B3E9}.Release|Any CPU.Build.0 = Release|Any CPU
	EndGlobalSection
	GlobalSection(SolutionProperties) = preSolution
		HideSolutionNode = FALSE
	EndGlobalSection
EndGlobal
